// !$*UTF8*$!
{
	archiveVersion = 1;
	classes = {
	};
	objectVersion = 50;
	objects = {

/* Begin PBXBuildFile section */
		05CE6F6C268C58AF00EEED71 /* AppDelegate.swift in Sources */ = {isa = PBXBuildFile; fileRef = 05CE6F6B268C58AF00EEED71 /* AppDelegate.swift */; };
		05CE6F6E268C58AF00EEED71 /* SceneDelegate.swift in Sources */ = {isa = PBXBuildFile; fileRef = 05CE6F6D268C58AF00EEED71 /* SceneDelegate.swift */; };
		05CE6F70268C58AF00EEED71 /* ViewController.swift in Sources */ = {isa = PBXBuildFile; fileRef = 05CE6F6F268C58AF00EEED71 /* ViewController.swift */; };
		05CE6F73268C58AF00EEED71 /* Main.storyboard in Resources */ = {isa = PBXBuildFile; fileRef = 05CE6F71268C58AF00EEED71 /* Main.storyboard */; };
		05CE6F75268C58B000EEED71 /* Assets.xcassets in Resources */ = {isa = PBXBuildFile; fileRef = 05CE6F74268C58B000EEED71 /* Assets.xcassets */; };
		05CE6F78268C58B000EEED71 /* LaunchScreen.storyboard in Resources */ = {isa = PBXBuildFile; fileRef = 05CE6F76268C58B000EEED71 /* LaunchScreen.storyboard */; };
		05CE6F83268C58B000EEED71 /* XylophoneTests.swift in Sources */ = {isa = PBXBuildFile; fileRef = 05CE6F82268C58B000EEED71 /* XylophoneTests.swift */; };
		05CE6F8E268C58B000EEED71 /* XylophoneUITests.swift in Sources */ = {isa = PBXBuildFile; fileRef = 05CE6F8D268C58B000EEED71 /* XylophoneUITests.swift */; };
/* End PBXBuildFile section */

/* Begin PBXContainerItemProxy section */
		05CE6F7F268C58B000EEED71 /* PBXContainerItemProxy */ = {
			isa = PBXContainerItemProxy;
			containerPortal = 05CE6F60268C58AF00EEED71 /* Project object */;
			proxyType = 1;
			remoteGlobalIDString = 05CE6F67268C58AF00EEED71;
			remoteInfo = Xylophone;
		};
		05CE6F8A268C58B000EEED71 /* PBXContainerItemProxy */ = {
			isa = PBXContainerItemProxy;
			containerPortal = 05CE6F60268C58AF00EEED71 /* Project object */;
			proxyType = 1;
			remoteGlobalIDString = 05CE6F67268C58AF00EEED71;
			remoteInfo = Xylophone;
		};
/* End PBXContainerItemProxy section */

/* Begin PBXFileReference section */
		05CE6F68268C58AF00EEED71 /* Xylophone.app */ = {isa = PBXFileReference; explicitFileType = wrapper.application; includeInIndex = 0; path = Xylophone.app; sourceTree = BUILT_PRODUCTS_DIR; };
		05CE6F6B268C58AF00EEED71 /* AppDelegate.swift */ = {isa = PBXFileReference; lastKnownFileType = sourcecode.swift; path = AppDelegate.swift; sourceTree = "<group>"; };
		05CE6F6D268C58AF00EEED71 /* SceneDelegate.swift */ = {isa = PBXFileReference; lastKnownFileType = sourcecode.swift; path = SceneDelegate.swift; sourceTree = "<group>"; };
		05CE6F6F268C58AF00EEED71 /* ViewController.swift */ = {isa = PBXFileReference; lastKnownFileType = sourcecode.swift; path = ViewController.swift; sourceTree = "<group>"; };
		05CE6F72268C58AF00EEED71 /* Base */ = {isa = PBXFileReference; lastKnownFileType = file.storyboard; name = Base; path = Base.lproj/Main.storyboard; sourceTree = "<group>"; };
		05CE6F74268C58B000EEED71 /* Assets.xcassets */ = {isa = PBXFileReference; lastKnownFileType = folder.assetcatalog; path = Assets.xcassets; sourceTree = "<group>"; };
		05CE6F77268C58B000EEED71 /* Base */ = {isa = PBXFileReference; lastKnownFileType = file.storyboard; name = Base; path = Base.lproj/LaunchScreen.storyboard; sourceTree = "<group>"; };
		05CE6F79268C58B000EEED71 /* Info.plist */ = {isa = PBXFileReference; lastKnownFileType = text.plist.xml; path = Info.plist; sourceTree = "<group>"; };
		05CE6F7E268C58B000EEED71 /* XylophoneTests.xctest */ = {isa = PBXFileReference; explicitFileType = wrapper.cfbundle; includeInIndex = 0; path = XylophoneTests.xctest; sourceTree = BUILT_PRODUCTS_DIR; };
		05CE6F82268C58B000EEED71 /* XylophoneTests.swift */ = {isa = PBXFileReference; lastKnownFileType = sourcecode.swift; path = XylophoneTests.swift; sourceTree = "<group>"; };
		05CE6F84268C58B000EEED71 /* Info.plist */ = {isa = PBXFileReference; lastKnownFileType = text.plist.xml; path = Info.plist; sourceTree = "<group>"; };
		05CE6F89268C58B000EEED71 /* XylophoneUITests.xctest */ = {isa = PBXFileReference; explicitFileType = wrapper.cfbundle; includeInIndex = 0; path = XylophoneUITests.xctest; sourceTree = BUILT_PRODUCTS_DIR; };
		05CE6F8D268C58B000EEED71 /* XylophoneUITests.swift */ = {isa = PBXFileReference; lastKnownFileType = sourcecode.swift; path = XylophoneUITests.swift; sourceTree = "<group>"; };
		05CE6F8F268C58B000EEED71 /* Info.plist */ = {isa = PBXFileReference; lastKnownFileType = text.plist.xml; path = Info.plist; sourceTree = "<group>"; };
/* End PBXFileReference section */

/* Begin PBXFrameworksBuildPhase section */
		05CE6F65268C58AF00EEED71 /* Frameworks */ = {
			isa = PBXFrameworksBuildPhase;
			buildActionMask = 2147483647;
			files = (
			);
			runOnlyForDeploymentPostprocessing = 0;
		};
		05CE6F7B268C58B000EEED71 /* Frameworks */ = {
			isa = PBXFrameworksBuildPhase;
			buildActionMask = 2147483647;
			files = (
			);
			runOnlyForDeploymentPostprocessing = 0;
		};
		05CE6F86268C58B000EEED71 /* Frameworks */ = {
			isa = PBXFrameworksBuildPhase;
			buildActionMask = 2147483647;
			files = (
			);
			runOnlyForDeploymentPostprocessing = 0;
		};
/* End PBXFrameworksBuildPhase section */

/* Begin PBXGroup section */
		05CE6F5F268C58AF00EEED71 = {
			isa = PBXGroup;
			children = (
				05CE6F6A268C58AF00EEED71 /* Xylophone */,
				05CE6F81268C58B000EEED71 /* XylophoneTests */,
				05CE6F8C268C58B000EEED71 /* XylophoneUITests */,
				05CE6F69268C58AF00EEED71 /* Products */,
			);
			sourceTree = "<group>";
		};
		05CE6F69268C58AF00EEED71 /* Products */ = {
			isa = PBXGroup;
			children = (
				05CE6F68268C58AF00EEED71 /* Xylophone.app */,
				05CE6F7E268C58B000EEED71 /* XylophoneTests.xctest */,
				05CE6F89268C58B000EEED71 /* XylophoneUITests.xctest */,
			);
			name = Products;
			sourceTree = "<group>";
		};
		05CE6F6A268C58AF00EEED71 /* Xylophone */ = {
			isa = PBXGroup;
			children = (
				05CE6F6B268C58AF00EEED71 /* AppDelegate.swift */,
				05CE6F6D268C58AF00EEED71 /* SceneDelegate.swift */,
				05CE6F6F268C58AF00EEED71 /* ViewController.swift */,
				05CE6F71268C58AF00EEED71 /* Main.storyboard */,
				05CE6F74268C58B000EEED71 /* Assets.xcassets */,
				05CE6F76268C58B000EEED71 /* LaunchScreen.storyboard */,
				05CE6F79268C58B000EEED71 /* Info.plist */,
			);
			path = Xylophone;
			sourceTree = "<group>";
		};
		05CE6F81268C58B000EEED71 /* XylophoneTests */ = {
			isa = PBXGroup;
			children = (
				05CE6F82268C58B000EEED71 /* XylophoneTests.swift */,
				05CE6F84268C58B000EEED71 /* Info.plist */,
			);
			path = XylophoneTests;
			sourceTree = "<group>";
		};
		05CE6F8C268C58B000EEED71 /* XylophoneUITests */ = {
			isa = PBXGroup;
			children = (
				05CE6F8D268C58B000EEED71 /* XylophoneUITests.swift */,
				05CE6F8F268C58B000EEED71 /* Info.plist */,
			);
			path = XylophoneUITests;
			sourceTree = "<group>";
		};
/* End PBXGroup section */

/* Begin PBXNativeTarget section */
		05CE6F67268C58AF00EEED71 /* Xylophone */ = {
			isa = PBXNativeTarget;
			buildConfigurationList = 05CE6F92268C58B000EEED71 /* Build configuration list for PBXNativeTarget "Xylophone" */;
			buildPhases = (
				05CE6F64268C58AF00EEED71 /* Sources */,
				05CE6F65268C58AF00EEED71 /* Frameworks */,
				05CE6F66268C58AF00EEED71 /* Resources */,
			);
			buildRules = (
			);
			dependencies = (
			);
			name = Xylophone;
			productName = Xylophone;
			productReference = 05CE6F68268C58AF00EEED71 /* Xylophone.app */;
			productType = "com.apple.product-type.application";
		};
		05CE6F7D268C58B000EEED71 /* XylophoneTests */ = {
			isa = PBXNativeTarget;
			buildConfigurationList = 05CE6F95268C58B000EEED71 /* Build configuration list for PBXNativeTarget "XylophoneTests" */;
			buildPhases = (
				05CE6F7A268C58B000EEED71 /* Sources */,
				05CE6F7B268C58B000EEED71 /* Frameworks */,
				05CE6F7C268C58B000EEED71 /* Resources */,
			);
			buildRules = (
			);
			dependencies = (
				05CE6F80268C58B000EEED71 /* PBXTargetDependency */,
			);
			name = XylophoneTests;
			productName = XylophoneTests;
			productReference = 05CE6F7E268C58B000EEED71 /* XylophoneTests.xctest */;
			productType = "com.apple.product-type.bundle.unit-test";
		};
		05CE6F88268C58B000EEED71 /* XylophoneUITests */ = {
			isa = PBXNativeTarget;
			buildConfigurationList = 05CE6F98268C58B000EEED71 /* Build configuration list for PBXNativeTarget "XylophoneUITests" */;
			buildPhases = (
				05CE6F85268C58B000EEED71 /* Sources */,
				05CE6F86268C58B000EEED71 /* Frameworks */,
				05CE6F87268C58B000EEED71 /* Resources */,
			);
			buildRules = (
			);
			dependencies = (
				05CE6F8B268C58B000EEED71 /* PBXTargetDependency */,
			);
			name = XylophoneUITests;
			productName = XylophoneUITests;
			productReference = 05CE6F89268C58B000EEED71 /* XylophoneUITests.xctest */;
			productType = "com.apple.product-type.bundle.ui-testing";
		};
/* End PBXNativeTarget section */

/* Begin PBXProject section */
		05CE6F60268C58AF00EEED71 /* Project object */ = {
			isa = PBXProject;
			attributes = {
				LastSwiftUpdateCheck = 1250;
				LastUpgradeCheck = 1250;
				TargetAttributes = {
					05CE6F67268C58AF00EEED71 = {
						CreatedOnToolsVersion = 12.5.1;
					};
					05CE6F7D268C58B000EEED71 = {
						CreatedOnToolsVersion = 12.5.1;
						TestTargetID = 05CE6F67268C58AF00EEED71;
					};
					05CE6F88268C58B000EEED71 = {
						CreatedOnToolsVersion = 12.5.1;
						TestTargetID = 05CE6F67268C58AF00EEED71;
					};
				};
			};
			buildConfigurationList = 05CE6F63268C58AF00EEED71 /* Build configuration list for PBXProject "Xylophone" */;
			compatibilityVersion = "Xcode 9.3";
			developmentRegion = en;
			hasScannedForEncodings = 0;
			knownRegions = (
				en,
				Base,
			);
			mainGroup = 05CE6F5F268C58AF00EEED71;
			productRefGroup = 05CE6F69268C58AF00EEED71 /* Products */;
			projectDirPath = "";
			projectRoot = "";
			targets = (
				05CE6F67268C58AF00EEED71 /* Xylophone */,
				05CE6F7D268C58B000EEED71 /* XylophoneTests */,
				05CE6F88268C58B000EEED71 /* XylophoneUITests */,
			);
		};
/* End PBXProject section */

/* Begin PBXResourcesBuildPhase section */
		05CE6F66268C58AF00EEED71 /* Resources */ = {
			isa = PBXResourcesBuildPhase;
			buildActionMask = 2147483647;
			files = (
				05CE6F78268C58B000EEED71 /* LaunchScreen.storyboard in Resources */,
				05CE6F75268C58B000EEED71 /* Assets.xcassets in Resources */,
				05CE6F73268C58AF00EEED71 /* Main.storyboard in Resources */,
			);
			runOnlyForDeploymentPostprocessing = 0;
		};
		05CE6F7C268C58B000EEED71 /* Resources */ = {
			isa = PBXResourcesBuildPhase;
			buildActionMask = 2147483647;
			files = (
			);
			runOnlyForDeploymentPostprocessing = 0;
		};
		05CE6F87268C58B000EEED71 /* Resources */ = {
			isa = PBXResourcesBuildPhase;
			buildActionMask = 2147483647;
			files = (
			);
			runOnlyForDeploymentPostprocessing = 0;
		};
/* End PBXResourcesBuildPhase section */

/* Begin PBXSourcesBuildPhase section */
		05CE6F64268C58AF00EEED71 /* Sources */ = {
			isa = PBXSourcesBuildPhase;
			buildActionMask = 2147483647;
			files = (
				05CE6F70268C58AF00EEED71 /* ViewController.swift in Sources */,
				05CE6F6C268C58AF00EEED71 /* AppDelegate.swift in Sources */,
				05CE6F6E268C58AF00EEED71 /* SceneDelegate.swift in Sources */,
			);
			runOnlyForDeploymentPostprocessing = 0;
		};
		05CE6F7A268C58B000EEED71 /* Sources */ = {
			isa = PBXSourcesBuildPhase;
			buildActionMask = 2147483647;
			files = (
				05CE6F83268C58B000EEED71 /* XylophoneTests.swift in Sources */,
			);
			runOnlyForDeploymentPostprocessing = 0;
		};
		05CE6F85268C58B000EEED71 /* Sources */ = {
			isa = PBXSourcesBuildPhase;
			buildActionMask = 2147483647;
			files = (
				05CE6F8E268C58B000EEED71 /* XylophoneUITests.swift in Sources */,
			);
			runOnlyForDeploymentPostprocessing = 0;
		};
/* End PBXSourcesBuildPhase section */

/* Begin PBXTargetDependency section */
		05CE6F80268C58B000EEED71 /* PBXTargetDependency */ = {
			isa = PBXTargetDependency;
			target = 05CE6F67268C58AF00EEED71 /* Xylophone */;
			targetProxy = 05CE6F7F268C58B000EEED71 /* PBXContainerItemProxy */;
		};
		05CE6F8B268C58B000EEED71 /* PBXTargetDependency */ = {
			isa = PBXTargetDependency;
			target = 05CE6F67268C58AF00EEED71 /* Xylophone */;
			targetProxy = 05CE6F8A268C58B000EEED71 /* PBXContainerItemProxy */;
		};
/* End PBXTargetDependency section */

/* Begin PBXVariantGroup section */
		05CE6F71268C58AF00EEED71 /* Main.storyboard */ = {
			isa = PBXVariantGroup;
			children = (
				05CE6F72268C58AF00EEED71 /* Base */,
			);
			name = Main.storyboard;
			sourceTree = "<group>";
		};
		05CE6F76268C58B000EEED71 /* LaunchScreen.storyboard */ = {
			isa = PBXVariantGroup;
			children = (
				05CE6F77268C58B000EEED71 /* Base */,
			);
			name = LaunchScreen.storyboard;
			sourceTree = "<group>";
		};
/* End PBXVariantGroup section */

/* Begin XCBuildConfiguration section */
		05CE6F90268C58B000EEED71 /* Debug */ = {
			isa = XCBuildConfiguration;
			buildSettings = {
				ALWAYS_SEARCH_USER_PATHS = NO;
				CLANG_ANALYZER_NONNULL = YES;
				CLANG_ANALYZER_NUMBER_OBJECT_CONVERSION = YES_AGGRESSIVE;
				CLANG_CXX_LANGUAGE_STANDARD = "gnu++14";
				CLANG_CXX_LIBRARY = "libc++";
				CLANG_ENABLE_MODULES = YES;
				CLANG_ENABLE_OBJC_ARC = YES;
				CLANG_ENABLE_OBJC_WEAK = YES;
				CLANG_WARN_BLOCK_CAPTURE_AUTORELEASING = YES;
				CLANG_WARN_BOOL_CONVERSION = YES;
				CLANG_WARN_COMMA = YES;
				CLANG_WARN_CONSTANT_CONVERSION = YES;
				CLANG_WARN_DEPRECATED_OBJC_IMPLEMENTATIONS = YES;
				CLANG_WARN_DIRECT_OBJC_ISA_USAGE = YES_ERROR;
				CLANG_WARN_DOCUMENTATION_COMMENTS = YES;
				CLANG_WARN_EMPTY_BODY = YES;
				CLANG_WARN_ENUM_CONVERSION = YES;
				CLANG_WARN_INFINITE_RECURSION = YES;
				CLANG_WARN_INT_CONVERSION = YES;
				CLANG_WARN_NON_LITERAL_NULL_CONVERSION = YES;
				CLANG_WARN_OBJC_IMPLICIT_RETAIN_SELF = YES;
				CLANG_WARN_OBJC_LITERAL_CONVERSION = YES;
				CLANG_WARN_OBJC_ROOT_CLASS = YES_ERROR;
				CLANG_WARN_QUOTED_INCLUDE_IN_FRAMEWORK_HEADER = YES;
				CLANG_WARN_RANGE_LOOP_ANALYSIS = YES;
				CLANG_WARN_STRICT_PROTOTYPES = YES;
				CLANG_WARN_SUSPICIOUS_MOVE = YES;
				CLANG_WARN_UNGUARDED_AVAILABILITY = YES_AGGRESSIVE;
				CLANG_WARN_UNREACHABLE_CODE = YES;
				CLANG_WARN__DUPLICATE_METHOD_MATCH = YES;
				COPY_PHASE_STRIP = NO;
				DEBUG_INFORMATION_FORMAT = dwarf;
				ENABLE_STRICT_OBJC_MSGSEND = YES;
				ENABLE_TESTABILITY = YES;
				GCC_C_LANGUAGE_STANDARD = gnu11;
				GCC_DYNAMIC_NO_PIC = NO;
				GCC_NO_COMMON_BLOCKS = YES;
				GCC_OPTIMIZATION_LEVEL = 0;
				GCC_PREPROCESSOR_DEFINITIONS = (
					"DEBUG=1",
					"$(inherited)",
				);
				GCC_WARN_64_TO_32_BIT_CONVERSION = YES;
				GCC_WARN_ABOUT_RETURN_TYPE = YES_ERROR;
				GCC_WARN_UNDECLARED_SELECTOR = YES;
				GCC_WARN_UNINITIALIZED_AUTOS = YES_AGGRESSIVE;
				GCC_WARN_UNUSED_FUNCTION = YES;
				GCC_WARN_UNUSED_VARIABLE = YES;
				IPHONEOS_DEPLOYMENT_TARGET = 14.5;
				MTL_ENABLE_DEBUG_INFO = INCLUDE_SOURCE;
				MTL_FAST_MATH = YES;
				ONLY_ACTIVE_ARCH = YES;
				SDKROOT = iphoneos;
				SWIFT_ACTIVE_COMPILATION_CONDITIONS = DEBUG;
				SWIFT_OPTIMIZATION_LEVEL = "-Onone";
			};
			name = Debug;
		};
		05CE6F91268C58B000EEED71 /* Release */ = {
			isa = XCBuildConfiguration;
			buildSettings = {
				ALWAYS_SEARCH_USER_PATHS = NO;
				CLANG_ANALYZER_NONNULL = YES;
				CLANG_ANALYZER_NUMBER_OBJECT_CONVERSION = YES_AGGRESSIVE;
				CLANG_CXX_LANGUAGE_STANDARD = "gnu++14";
				CLANG_CXX_LIBRARY = "libc++";
				CLANG_ENABLE_MODULES = YES;
				CLANG_ENABLE_OBJC_ARC = YES;
				CLANG_ENABLE_OBJC_WEAK = YES;
				CLANG_WARN_BLOCK_CAPTURE_AUTORELEASING = YES;
				CLANG_WARN_BOOL_CONVERSION = YES;
				CLANG_WARN_COMMA = YES;
				CLANG_WARN_CONSTANT_CONVERSION = YES;
				CLANG_WARN_DEPRECATED_OBJC_IMPLEMENTATIONS = YES;
				CLANG_WARN_DIRECT_OBJC_ISA_USAGE = YES_ERROR;
				CLANG_WARN_DOCUMENTATION_COMMENTS = YES;
				CLANG_WARN_EMPTY_BODY = YES;
				CLANG_WARN_ENUM_CONVERSION = YES;
				CLANG_WARN_INFINITE_RECURSION = YES;
				CLANG_WARN_INT_CONVERSION = YES;
				CLANG_WARN_NON_LITERAL_NULL_CONVERSION = YES;
				CLANG_WARN_OBJC_IMPLICIT_RETAIN_SELF = YES;
				CLANG_WARN_OBJC_LITERAL_CONVERSION = YES;
				CLANG_WARN_OBJC_ROOT_CLASS = YES_ERROR;
				CLANG_WARN_QUOTED_INCLUDE_IN_FRAMEWORK_HEADER = YES;
				CLANG_WARN_RANGE_LOOP_ANALYSIS = YES;
				CLANG_WARN_STRICT_PROTOTYPES = YES;
				CLANG_WARN_SUSPICIOUS_MOVE = YES;
				CLANG_WARN_UNGUARDED_AVAILABILITY = YES_AGGRESSIVE;
				CLANG_WARN_UNREACHABLE_CODE = YES;
				CLANG_WARN__DUPLICATE_METHOD_MATCH = YES;
				COPY_PHASE_STRIP = NO;
				DEBUG_INFORMATION_FORMAT = "dwarf-with-dsym";
				ENABLE_NS_ASSERTIONS = NO;
				ENABLE_STRICT_OBJC_MSGSEND = YES;
				GCC_C_LANGUAGE_STANDARD = gnu11;
				GCC_NO_COMMON_BLOCKS = YES;
				GCC_WARN_64_TO_32_BIT_CONVERSION = YES;
				GCC_WARN_ABOUT_RETURN_TYPE = YES_ERROR;
				GCC_WARN_UNDECLARED_SELECTOR = YES;
				GCC_WARN_UNINITIALIZED_AUTOS = YES_AGGRESSIVE;
				GCC_WARN_UNUSED_FUNCTION = YES;
				GCC_WARN_UNUSED_VARIABLE = YES;
				IPHONEOS_DEPLOYMENT_TARGET = 14.5;
				MTL_ENABLE_DEBUG_INFO = NO;
				MTL_FAST_MATH = YES;
				SDKROOT = iphoneos;
				SWIFT_COMPILATION_MODE = wholemodule;
				SWIFT_OPTIMIZATION_LEVEL = "-O";
				VALIDATE_PRODUCT = YES;
			};
			name = Release;
		};
		05CE6F93268C58B000EEED71 /* Debug */ = {
			isa = XCBuildConfiguration;
			buildSettings = {
				ASSETCATALOG_COMPILER_APPICON_NAME = AppIcon;
				ASSETCATALOG_COMPILER_GLOBAL_ACCENT_COLOR_NAME = AccentColor;
				CODE_SIGN_STYLE = Automatic;
				DEVELOPMENT_TEAM = SRLJGKBKVT;
				INFOPLIST_FILE = Xylophone/Info.plist;
				LD_RUNPATH_SEARCH_PATHS = (
					"$(inherited)",
					"@executable_path/Frameworks",
				);
				PRODUCT_BUNDLE_IDENTIFIER = com.sasidhar.Xylophone;
				PRODUCT_NAME = "$(TARGET_NAME)";
				SWIFT_VERSION = 5.0;
				TARGETED_DEVICE_FAMILY = "1,2";
			};
			name = Debug;
		};
		05CE6F94268C58B000EEED71 /* Release */ = {
			isa = XCBuildConfiguration;
			buildSettings = {
				ASSETCATALOG_COMPILER_APPICON_NAME = AppIcon;
				ASSETCATALOG_COMPILER_GLOBAL_ACCENT_COLOR_NAME = AccentColor;
				CODE_SIGN_STYLE = Automatic;
				DEVELOPMENT_TEAM = SRLJGKBKVT;
				INFOPLIST_FILE = Xylophone/Info.plist;
				LD_RUNPATH_SEARCH_PATHS = (
					"$(inherited)",
					"@executable_path/Frameworks",
				);
				PRODUCT_BUNDLE_IDENTIFIER = com.sasidhar.Xylophone;
				PRODUCT_NAME = "$(TARGET_NAME)";
				SWIFT_VERSION = 5.0;
				TARGETED_DEVICE_FAMILY = "1,2";
			};
			name = Release;
		};
		05CE6F96268C58B000EEED71 /* Debug */ = {
			isa = XCBuildConfiguration;
			buildSettings = {
				ALWAYS_EMBED_SWIFT_STANDARD_LIBRARIES = YES;
				BUNDLE_LOADER = "$(TEST_HOST)";
				CODE_SIGN_STYLE = Automatic;
				DEVELOPMENT_TEAM = SRLJGKBKVT;
				INFOPLIST_FILE = XylophoneTests/Info.plist;
				IPHONEOS_DEPLOYMENT_TARGET = 14.5;
				LD_RUNPATH_SEARCH_PATHS = (
					"$(inherited)",
					"@executable_path/Frameworks",
					"@loader_path/Frameworks",
				);
				PRODUCT_BUNDLE_IDENTIFIER = com.sasidhar.XylophoneTests;
				PRODUCT_NAME = "$(TARGET_NAME)";
				SWIFT_VERSION = 5.0;
				TARGETED_DEVICE_FAMILY = "1,2";
				TEST_HOST = "$(BUILT_PRODUCTS_DIR)/Xylophone.app/Xylophone";
			};
			name = Debug;
		};
		05CE6F97268C58B000EEED71 /* Release */ = {
			isa = XCBuildConfiguration;
			buildSettings = {
				ALWAYS_EMBED_SWIFT_STANDARD_LIBRARIES = YES;
				BUNDLE_LOADER = "$(TEST_HOST)";
				CODE_SIGN_STYLE = Automatic;
				DEVELOPMENT_TEAM = SRLJGKBKVT;
				INFOPLIST_FILE = XylophoneTests/Info.plist;
				IPHONEOS_DEPLOYMENT_TARGET = 14.5;
				LD_RUNPATH_SEARCH_PATHS = (
					"$(inherited)",
					"@executable_path/Frameworks",
					"@loader_path/Frameworks",
				);
				PRODUCT_BUNDLE_IDENTIFIER = com.sasidhar.XylophoneTests;
				PRODUCT_NAME = "$(TARGET_NAME)";
				SWIFT_VERSION = 5.0;
				TARGETED_DEVICE_FAMILY = "1,2";
				TEST_HOST = "$(BUILT_PRODUCTS_DIR)/Xylophone.app/Xylophone";
			};
			name = Release;
		};
		05CE6F99268C58B000EEED71 /* Debug */ = {
			isa = XCBuildConfiguration;
			buildSettings = {
				ALWAYS_EMBED_SWIFT_STANDARD_LIBRARIES = YES;
				CODE_SIGN_STYLE = Automatic;
				DEVELOPMENT_TEAM = SRLJGKBKVT;
				INFOPLIST_FILE = XylophoneUITests/Info.plist;
				LD_RUNPATH_SEARCH_PATHS = (
					"$(inherited)",
					"@executable_path/Frameworks",
					"@loader_path/Frameworks",
				);
				PRODUCT_BUNDLE_IDENTIFIER = com.sasidhar.XylophoneUITests;
				PRODUCT_NAME = "$(TARGET_NAME)";
				SWIFT_VERSION = 5.0;
				TARGETED_DEVICE_FAMILY = "1,2";
				TEST_TARGET_NAME = Xylophone;
			};
			name = Debug;
		};
		05CE6F9A268C58B000EEED71 /* Release */ = {
			isa = XCBuildConfiguration;
			buildSettings = {
				ALWAYS_EMBED_SWIFT_STANDARD_LIBRARIES = YES;
				CODE_SIGN_STYLE = Automatic;
				DEVELOPMENT_TEAM = SRLJGKBKVT;
				INFOPLIST_FILE = XylophoneUITests/Info.plist;
				LD_RUNPATH_SEARCH_PATHS = (
					"$(inherited)",
					"@executable_path/Frameworks",
					"@loader_path/Frameworks",
				);
				PRODUCT_BUNDLE_IDENTIFIER = com.sasidhar.XylophoneUITests;
				PRODUCT_NAME = "$(TARGET_NAME)";
				SWIFT_VERSION = 5.0;
				TARGETED_DEVICE_FAMILY = "1,2";
				TEST_TARGET_NAME = Xylophone;
			};
			name = Release;
		};
/* End XCBuildConfiguration section */

/* Begin XCConfigurationList section */
		05CE6F63268C58AF00EEED71 /* Build configuration list for PBXProject "Xylophone" */ = {
			isa = XCConfigurationList;
			buildConfigurations = (
				05CE6F90268C58B000EEED71 /* Debug */,
				05CE6F91268C58B000EEED71 /* Release */,
			);
			defaultConfigurationIsVisible = 0;
			defaultConfigurationName = Release;
		};
		05CE6F92268C58B000EEED71 /* Build configuration list for PBXNativeTarget "Xylophone" */ = {
			isa = XCConfigurationList;
			buildConfigurations = (
				05CE6F93268C58B000EEED71 /* Debug */,
				05CE6F94268C58B000EEED71 /* Release */,
			);
			defaultConfigurationIsVisible = 0;
			defaultConfigurationName = Release;
		};
		05CE6F95268C58B000EEED71 /* Build configuration list for PBXNativeTarget "XylophoneTests" */ = {
			isa = XCConfigurationList;
			buildConfigurations = (
				05CE6F96268C58B000EEED71 /* Debug */,
				05CE6F97268C58B000EEED71 /* Release */,
			);
			defaultConfigurationIsVisible = 0;
			defaultConfigurationName = Release;
		};
		05CE6F98268C58B000EEED71 /* Build configuration list for PBXNativeTarget "XylophoneUITests" */ = {
			isa = XCConfigurationList;
			buildConfigurations = (
				05CE6F99268C58B000EEED71 /* Debug */,
				05CE6F9A268C58B000EEED71 /* Release */,
			);
			defaultConfigurationIsVisible = 0;
			defaultConfigurationName = Release;
		};
/* End XCConfigurationList section */
	};
	rootObject = 05CE6F60268C58AF00EEED71 /* Project object */;
}
